
Microsoft Visual Studio Solution File, Format Version 12.00
# Visual Studio 14
VisualStudioVersion = 14.0.24720.0
MinimumVisualStudioVersion = 10.0.40219.1
Project("{FAE04EC0-301F-11D3-BF4B-00C04F79EFBC}") = "DesignPattern", "DesignPattern\DesignPattern.csproj", "{94888284-1909-4ACF-9C68-2587D7FA1E09}"
EndProject
Project("{FAE04EC0-301F-11D3-BF4B-00C04F79EFBC}") = "UnitTest", "UnitTest\UnitTest.csproj", "{3882D7AC-10B8-4F3D-836C-AC952320FC47}"
EndProject
Global
	GlobalSection(SolutionConfigurationPlatforms) = preSolution
		Debug|Any CPU = Debug|Any CPU
		Debug|ARM = Debug|ARM
		Debug|x64 = Debug|x64
		Debug|x86 = Debug|x86
		Release|Any CPU = Release|Any CPU
		Release|ARM = Release|ARM
		Release|x64 = Release|x64
		Release|x86 = Release|x86
	EndGlobalSection
	GlobalSection(ProjectConfigurationPlatforms) = postSolution
		{94888284-1909-4ACF-9C68-2587D7FA1E09}.Debug|Any CPU.ActiveCfg = Debug|Any CPU
		{94888284-1909-4ACF-9C68-2587D7FA1E09}.Debug|Any CPU.Build.0 = Debug|Any CPU
		{94888284-1909-4ACF-9C68-2587D7FA1E09}.Debug|ARM.ActiveCfg = Debug|Any CPU
		{94888284-1909-4ACF-9C68-2587D7FA1E09}.Debug|ARM.Build.0 = Debug|Any CPU
		{94888284-1909-4ACF-9C68-2587D7FA1E09}.Debug|x64.ActiveCfg = Debug|Any CPU
		{94888284-1909-4ACF-9C68-2587D7FA1E09}.Debug|x64.Build.0 = Debug|Any CPU
		{94888284-1909-4ACF-9C68-2587D7FA1E09}.Debug|x86.ActiveCfg = Debug|Any CPU
		{94888284-1909-4ACF-9C68-2587D7FA1E09}.Debug|x86.Build.0 = Debug|Any CPU
		{94888284-1909-4ACF-9C68-2587D7FA1E09}.Release|Any CPU.ActiveCfg = Release|Any CPU
		{94888284-1909-4ACF-9C68-2587D7FA1E09}.Release|Any CPU.Build.0 = Release|Any CPU
		{94888284-1909-4ACF-9C68-2587D7FA1E09}.Release|ARM.ActiveCfg = Release|Any CPU
		{94888284-1909-4ACF-9C68-2587D7FA1E09}.Release|ARM.Build.0 = Release|Any CPU
		{94888284-1909-4ACF-9C68-2587D7FA1E09}.Release|x64.ActiveCfg = Release|Any CPU
		{94888284-1909-4ACF-9C68-2587D7FA1E09}.Release|x64.Build.0 = Release|Any CPU
		{94888284-1909-4ACF-9C68-2587D7FA1E09}.Release|x86.ActiveCfg = Release|Any CPU
		{94888284-1909-4ACF-9C68-2587D7FA1E09}.Release|x86.Build.0 = Release|Any CPU
		{3882D7AC-10B8-4F3D-836C-AC952320FC47}.Debug|Any CPU.ActiveCfg = Debug|Any CPU
		{3882D7AC-10B8-4F3D-836C-AC952320FC47}.Debug|Any CPU.Build.0 = Debug|Any CPU
		{3882D7AC-10B8-4F3D-836C-AC952320FC47}.Debug|ARM.ActiveCfg = Debug|Any CPU
		{3882D7AC-10B8-4F3D-836C-AC952320FC47}.Debug|ARM.Build.0 = Debug|Any CPU
		{3882D7AC-10B8-4F3D-836C-AC952320FC47}.Debug|x64.ActiveCfg = Debug|Any CPU
		{3882D7AC-10B8-4F3D-836C-AC952320FC47}.Debug|x64.Build.0 = Debug|Any CPU
		{3882D7AC-10B8-4F3D-836C-AC952320FC47}.Debug|x86.ActiveCfg = Debug|Any CPU
		{3882D7AC-10B8-4F3D-836C-AC952320FC47}.Debug|x86.Build.0 = Debug|Any CPU
		{3882D7AC-10B8-4F3D-836C-AC952320FC47}.Release|Any CPU.ActiveCfg = Release|Any CPU
		{3882D7AC-10B8-4F3D-836C-AC952320FC47}.Release|Any CPU.Build.0 = Release|Any CPU
		{3882D7AC-10B8-4F3D-836C-AC952320FC47}.Release|ARM.ActiveCfg = Release|Any CPU
		{3882D7AC-10B8-4F3D-836C-AC952320FC47}.Release|ARM.Build.0 = Release|Any CPU
		{3882D7AC-10B8-4F3D-836C-AC952320FC47}.Release|x64.ActiveCfg = Release|Any CPU
		{3882D7AC-10B8-4F3D-836C-AC952320FC47}.Release|x64.Build.0 = Release|Any CPU
		{3882D7AC-10B8-4F3D-836C-AC952320FC47}.Release|x86.ActiveCfg = Release|Any CPU
		{3882D7AC-10B8-4F3D-836C-AC952320FC47}.Release|x86.Build.0 = Release|Any CPU
	EndGlobalSection
	GlobalSection(SolutionProperties) = preSolution
		HideSolutionNode = FALSE
	EndGlobalSection
EndGlobal
